
Microsoft Visual Studio Solution File, Format Version 12.00
# Visual Studio Version 17
VisualStudioVersion = 17.3.32819.101
MinimumVisualStudioVersion = 10.0.40219.1
Project("{FAE04EC0-301F-11D3-BF4B-00C04F79EFBC}") = "Casgem_Ajax", "Casgem_Ajax\Casgem_Ajax.csproj", "{74867D33-E061-48BA-B457-255251F579FE}"
EndProject
Global
	GlobalSection(SolutionConfigurationPlatforms) = preSolution
		Debug|Any CPU = Debug|Any CPU
		Release|Any CPU = Release|Any CPU
	EndGlobalSection
	GlobalSection(ProjectConfigurationPlatforms) = postSolution
		{74867D33-E061-48BA-B457-255251F579FE}.Debug|Any CPU.ActiveCfg = Debug|Any CPU
		{74867D33-E061-48BA-B457-255251F579FE}.Debug|Any CPU.Build.0 = Debug|Any CPU
		{74867D33-E061-48BA-B457-255251F579FE}.Release|Any CPU.ActiveCfg = Release|Any CPU
		{74867D33-E061-48BA-B457-255251F579FE}.Release|Any CPU.Build.0 = Release|Any CPU
	EndGlobalSection
	GlobalSection(SolutionProperties) = preSolution
		HideSolutionNode = FALSE
	EndGlobalSection
	GlobalSection(ExtensibilityGlobals) = postSolution
		SolutionGuid = {7D211F3D-8ECC-4786-954E-2A678AC0D1D1}
	EndGlobalSection
EndGlobal
